schema: '2.0'
stages:
  get_data:
    cmd: python src/get_data.py
    deps:
    - path: src/get_data.py
      hash: md5
      md5: 62e346dbf777359fb7b304f2899254ec
      size: 526
    outs:
    - path: smsspamcollection
      hash: md5
      md5: 5a84bb806c75cbc704c9fb17e1ba8e44.dir
      size: 604940
      nfiles: 3
  preprocess:
    cmd: python src/text_preprocessing.py
    deps:
    - path: src/text_preprocessing.py
      hash: md5
      md5: ed0b9c3b0ff2d70215f4e58f517a46cf
      size: 2533
    outs:
    - path: output/preprocessed_data.joblib
      hash: md5
      md5: e3d228ca3435939557e707fb93b5854c
      size: 374924
    - path: output/preprocessor.joblib
      hash: md5
      md5: 65d0c63260ba21c21a12c0a32ae7595e
      size: 162649
  train:
    cmd: python src/text_classification.py
    deps:
    - path: src/text_classification.py
      hash: md5
      md5: b771e67c38f6966ce7cb0ec1befc0f99
      size: 3472
    outs:
    - path: output/model.joblib
      hash: md5
      md5: 6e32d09cf2e7606a79d30727b3756840
      size: 12441
